github.com/AOrps/empty-room/src/front-end v0.0.0-20220329000748-92a211141179 h1:5A03wQ1SkMr7tz40thi+bzmLE9l8kjZpT6hO7HfKeRk=
github.com/AOrps/empty-room/src/front-end v0.0.0-20220329000748-92a211141179/go.mod h1:WzCA7fQpclwGPXT8N4qdwfcwAqWYF/KOpYDynbHEVYo=
github.com/joho/godotenv v1.4.0 h1:3l4+N6zfMWnkbPEXKng2o2/MR5mSwTrBih4ZEkkz1lg=
github.com/joho/godotenv v1.4.0/go.mod h1:f4LDr5Voq0i2e/R5DDNOoa2zzDfwtkZa6DnEwAbqwq4=
